// !$*UTF8*$!
{
	archiveVersion = 1;
	classes = {
	};
	objectVersion = 44;
	objects = {

/* Begin PBXBuildFile section */
		2109B9950F51EEFA0015F5D0 /* fileread.cpp in Sources */ = {isa = PBXBuildFile; fileRef = 2109B9930F51EEFA0015F5D0 /* fileread.cpp */; };
		215364010F4E5DCB008E1AE6 /* example.cpp in Sources */ = {isa = PBXBuildFile; fileRef = 215363F60F4E5DCB008E1AE6 /* example.cpp */; };
		215364020F4E5DCB008E1AE6 /* GCoptimization.cpp in Sources */ = {isa = PBXBuildFile; fileRef = 215363F80F4E5DCB008E1AE6 /* GCoptimization.cpp */; };
		215364030F4E5DCB008E1AE6 /* graph.cpp in Sources */ = {isa = PBXBuildFile; fileRef = 215363FA0F4E5DCB008E1AE6 /* graph.cpp */; };
		215364040F4E5DCB008E1AE6 /* LinkedBlockList.cpp in Sources */ = {isa = PBXBuildFile; fileRef = 215363FD0F4E5DCB008E1AE6 /* LinkedBlockList.cpp */; };
		215364050F4E5DCB008E1AE6 /* maxflow.cpp in Sources */ = {isa = PBXBuildFile; fileRef = 215363FF0F4E5DCB008E1AE6 /* maxflow.cpp */; };
		8DD76F6A0486A84900D96B5E /* Olga.1 in CopyFiles */ = {isa = PBXBuildFile; fileRef = C6859E8B029090EE04C91782 /* Olga.1 */; };
/* End PBXBuildFile section */

/* Begin PBXCopyFilesBuildPhase section */
		8DD76F690486A84900D96B5E /* CopyFiles */ = {
			isa = PBXCopyFilesBuildPhase;
			buildActionMask = 8;
			dstPath = /usr/share/man/man1/;
			dstSubfolderSpec = 0;
			files = (
				8DD76F6A0486A84900D96B5E /* Olga.1 in CopyFiles */,
			);
			runOnlyForDeploymentPostprocessing = 1;
		};
/* End PBXCopyFilesBuildPhase section */

/* Begin PBXFileReference section */
		2109B9930F51EEFA0015F5D0 /* fileread.cpp */ = {isa = PBXFileReference; fileEncoding = 4; lastKnownFileType = sourcecode.cpp.cpp; path = fileread.cpp; sourceTree = "<group>"; };
		2109B9940F51EEFA0015F5D0 /* niiIO.h */ = {isa = PBXFileReference; fileEncoding = 4; lastKnownFileType = sourcecode.c.h; path = niiIO.h; sourceTree = "<group>"; };
		215363F40F4E5DCB008E1AE6 /* block.h */ = {isa = PBXFileReference; fileEncoding = 4; lastKnownFileType = sourcecode.c.h; path = block.h; sourceTree = "<group>"; };
		215363F50F4E5DCB008E1AE6 /* energy.h */ = {isa = PBXFileReference; fileEncoding = 4; lastKnownFileType = sourcecode.c.h; path = energy.h; sourceTree = "<group>"; };
		215363F60F4E5DCB008E1AE6 /* example.cpp */ = {isa = PBXFileReference; fileEncoding = 4; lastKnownFileType = sourcecode.cpp.cpp; path = example.cpp; sourceTree = "<group>"; };
		215363F70F4E5DCB008E1AE6 /* GC_README.txt */ = {isa = PBXFileReference; fileEncoding = 4; lastKnownFileType = text; path = GC_README.txt; sourceTree = "<group>"; };
		215363F80F4E5DCB008E1AE6 /* GCoptimization.cpp */ = {isa = PBXFileReference; fileEncoding = 4; lastKnownFileType = sourcecode.cpp.cpp; path = GCoptimization.cpp; sourceTree = "<group>"; };
		215363F90F4E5DCB008E1AE6 /* GCoptimization.h */ = {isa = PBXFileReference; fileEncoding = 4; lastKnownFileType = sourcecode.c.h; path = GCoptimization.h; sourceTree = "<group>"; };
		215363FA0F4E5DCB008E1AE6 /* graph.cpp */ = {isa = PBXFileReference; fileEncoding = 4; lastKnownFileType = sourcecode.cpp.cpp; path = graph.cpp; sourceTree = "<group>"; };
		215363FB0F4E5DCB008E1AE6 /* graph.h */ = {isa = PBXFileReference; fileEncoding = 4; lastKnownFileType = sourcecode.c.h; path = graph.h; sourceTree = "<group>"; };
		215363FC0F4E5DCB008E1AE6 /* LICENSE.TXT */ = {isa = PBXFileReference; fileEncoding = 4; lastKnownFileType = text; path = LICENSE.TXT; sourceTree = "<group>"; };
		215363FD0F4E5DCB008E1AE6 /* LinkedBlockList.cpp */ = {isa = PBXFileReference; fileEncoding = 4; lastKnownFileType = sourcecode.cpp.cpp; path = LinkedBlockList.cpp; sourceTree = "<group>"; };
		215363FE0F4E5DCB008E1AE6 /* LinkedBlockList.h */ = {isa = PBXFileReference; fileEncoding = 4; lastKnownFileType = sourcecode.c.h; path = LinkedBlockList.h; sourceTree = "<group>"; };
		215363FF0F4E5DCB008E1AE6 /* maxflow.cpp */ = {isa = PBXFileReference; fileEncoding = 4; lastKnownFileType = sourcecode.cpp.cpp; path = maxflow.cpp; sourceTree = "<group>"; };
		215364000F4E5DCB008E1AE6 /* ReadMe.txt */ = {isa = PBXFileReference; fileEncoding = 4; lastKnownFileType = text; path = ReadMe.txt; sourceTree = "<group>"; };
		8DD76F6C0486A84900D96B5E /* Olga */ = {isa = PBXFileReference; explicitFileType = "compiled.mach-o.executable"; includeInIndex = 0; path = Olga; sourceTree = BUILT_PRODUCTS_DIR; };
		C6859E8B029090EE04C91782 /* Olga.1 */ = {isa = PBXFileReference; lastKnownFileType = text.man; path = Olga.1; sourceTree = "<group>"; };
/* End PBXFileReference section */

/* Begin PBXFrameworksBuildPhase section */
		8DD76F660486A84900D96B5E /* Frameworks */ = {
			isa = PBXFrameworksBuildPhase;
			buildActionMask = 2147483647;
			files = (
			);
			runOnlyForDeploymentPostprocessing = 0;
		};
/* End PBXFrameworksBuildPhase section */

/* Begin PBXGroup section */
		08FB7794FE84155DC02AAC07 /* Olga */ = {
			isa = PBXGroup;
			children = (
				08FB7795FE84155DC02AAC07 /* Source */,
				C6859E8C029090F304C91782 /* Documentation */,
				1AB674ADFE9D54B511CA2CBB /* Products */,
			);
			name = Olga;
			sourceTree = "<group>";
		};
		08FB7795FE84155DC02AAC07 /* Source */ = {
			isa = PBXGroup;
			children = (
				215363F40F4E5DCB008E1AE6 /* block.h */,
				215363F50F4E5DCB008E1AE6 /* energy.h */,
				215363F60F4E5DCB008E1AE6 /* example.cpp */,
				2109B9930F51EEFA0015F5D0 /* fileread.cpp */,
				2109B9940F51EEFA0015F5D0 /* niiIO.h */,
				215363F70F4E5DCB008E1AE6 /* GC_README.txt */,
				215363F80F4E5DCB008E1AE6 /* GCoptimization.cpp */,
				215363F90F4E5DCB008E1AE6 /* GCoptimization.h */,
				215363FA0F4E5DCB008E1AE6 /* graph.cpp */,
				215363FB0F4E5DCB008E1AE6 /* graph.h */,
				215363FC0F4E5DCB008E1AE6 /* LICENSE.TXT */,
				215363FD0F4E5DCB008E1AE6 /* LinkedBlockList.cpp */,
				215363FE0F4E5DCB008E1AE6 /* LinkedBlockList.h */,
				215363FF0F4E5DCB008E1AE6 /* maxflow.cpp */,
				215364000F4E5DCB008E1AE6 /* ReadMe.txt */,
			);
			name = Source;
			sourceTree = "<group>";
		};
		1AB674ADFE9D54B511CA2CBB /* Products */ = {
			isa = PBXGroup;
			children = (
				8DD76F6C0486A84900D96B5E /* Olga */,
			);
			name = Products;
			sourceTree = "<group>";
		};
		C6859E8C029090F304C91782 /* Documentation */ = {
			isa = PBXGroup;
			children = (
				C6859E8B029090EE04C91782 /* Olga.1 */,
			);
			name = Documentation;
			sourceTree = "<group>";
		};
/* End PBXGroup section */

/* Begin PBXNativeTarget section */
		8DD76F620486A84900D96B5E /* Olga */ = {
			isa = PBXNativeTarget;
			buildConfigurationList = 1DEB923108733DC60010E9CD /* Build configuration list for PBXNativeTarget "Olga" */;
			buildPhases = (
				8DD76F640486A84900D96B5E /* Sources */,
				8DD76F660486A84900D96B5E /* Frameworks */,
				8DD76F690486A84900D96B5E /* CopyFiles */,
			);
			buildRules = (
			);
			dependencies = (
			);
			name = Olga;
			productInstallPath = "$(HOME)/bin";
			productName = Olga;
			productReference = 8DD76F6C0486A84900D96B5E /* Olga */;
			productType = "com.apple.product-type.tool";
		};
/* End PBXNativeTarget section */

/* Begin PBXProject section */
		08FB7793FE84155DC02AAC07 /* Project object */ = {
			isa = PBXProject;
			buildConfigurationList = 1DEB923508733DC60010E9CD /* Build configuration list for PBXProject "Olga" */;
			compatibilityVersion = "Xcode 3.0";
			hasScannedForEncodings = 1;
			mainGroup = 08FB7794FE84155DC02AAC07 /* Olga */;
			projectDirPath = "";
			projectRoot = "";
			targets = (
				8DD76F620486A84900D96B5E /* Olga */,
			);
		};
/* End PBXProject section */

/* Begin PBXSourcesBuildPhase section */
		8DD76F640486A84900D96B5E /* Sources */ = {
			isa = PBXSourcesBuildPhase;
			buildActionMask = 2147483647;
			files = (
				215364010F4E5DCB008E1AE6 /* example.cpp in Sources */,
				215364020F4E5DCB008E1AE6 /* GCoptimization.cpp in Sources */,
				215364030F4E5DCB008E1AE6 /* graph.cpp in Sources */,
				215364040F4E5DCB008E1AE6 /* LinkedBlockList.cpp in Sources */,
				215364050F4E5DCB008E1AE6 /* maxflow.cpp in Sources */,
				2109B9950F51EEFA0015F5D0 /* fileread.cpp in Sources */,
			);
			runOnlyForDeploymentPostprocessing = 0;
		};
/* End PBXSourcesBuildPhase section */

/* Begin XCBuildConfiguration section */
		1DEB923208733DC60010E9CD /* Debug */ = {
			isa = XCBuildConfiguration;
			buildSettings = {
				COPY_PHASE_STRIP = NO;
				GCC_DYNAMIC_NO_PIC = NO;
				GCC_ENABLE_FIX_AND_CONTINUE = YES;
				GCC_MODEL_TUNING = G5;
				GCC_OPTIMIZATION_LEVEL = 0;
				GCC_PREPROCESSOR_DEFINITIONS = (
					"_GLIBCXX_DEBUG=1",
					"_GLIBCXX_DEBUG_PEDANTIC=1",
				);
				INSTALL_PATH = /usr/local/bin;
				PRODUCT_NAME = Olga;
				ZERO_LINK = YES;
			};
			name = Debug;
		};
		1DEB923308733DC60010E9CD /* Release */ = {
			isa = XCBuildConfiguration;
			buildSettings = {
				DEBUG_INFORMATION_FORMAT = "dwarf-with-dsym";
				GCC_MODEL_TUNING = G5;
				INSTALL_PATH = /usr/local/bin;
				PRODUCT_NAME = Olga;
			};
			name = Release;
		};
		1DEB923608733DC60010E9CD /* Debug */ = {
			isa = XCBuildConfiguration;
			buildSettings = {
				GCC_WARN_ABOUT_RETURN_TYPE = YES;
				GCC_WARN_UNUSED_VARIABLE = YES;
				PREBINDING = NO;
				SDKROOT = "$(DEVELOPER_SDK_DIR)/MacOSX10.5.sdk";
			};
			name = Debug;
		};
		1DEB923708733DC60010E9CD /* Release */ = {
			isa = XCBuildConfiguration;
			buildSettings = {
				ARCHS = (
					ppc,
					i386,
				);
				GCC_WARN_ABOUT_RETURN_TYPE = YES;
				GCC_WARN_UNUSED_VARIABLE = YES;
				PREBINDING = NO;
				SDKROOT = "$(DEVELOPER_SDK_DIR)/MacOSX10.5.sdk";
			};
			name = Release;
		};
/* End XCBuildConfiguration section */

/* Begin XCConfigurationList section */
		1DEB923108733DC60010E9CD /* Build configuration list for PBXNativeTarget "Olga" */ = {
			isa = XCConfigurationList;
			buildConfigurations = (
				1DEB923208733DC60010E9CD /* Debug */,
				1DEB923308733DC60010E9CD /* Release */,
			);
			defaultConfigurationIsVisible = 0;
			defaultConfigurationName = Release;
		};
		1DEB923508733DC60010E9CD /* Build configuration list for PBXProject "Olga" */ = {
			isa = XCConfigurationList;
			buildConfigurations = (
				1DEB923608733DC60010E9CD /* Debug */,
				1DEB923708733DC60010E9CD /* Release */,
			);
			defaultConfigurationIsVisible = 0;
			defaultConfigurationName = Release;
		};
/* End XCConfigurationList section */
	};
	rootObject = 08FB7793FE84155DC02AAC07 /* Project object */;
}
